{
  "name": "SplendoraCosmetics",
  "lockfileVersion": 2,
  "requires": true,
  "packages": {
    "": {
      "dependencies": {
        "sweetalert2": "^11.6.9"
      }
    },
    "node_modules/sweetalert2": {
      "version": "11.6.9",
      "resolved": "https://registry.npmjs.org/sweetalert2/-/sweetalert2-11.6.9.tgz",
      "integrity": "sha512-zx0vdToB2Ququk+0qbXruca5KJuScyno77cqPfuwSiRwlMS5CwwnZDWiLqcRlIAZzDEbZHz9g/T7BDqAGqsQlA==",
      "funding": {
        "type": "individual",
        "url": "https://github.com/sponsors/limonte"
      }
    }
  },
  "dependencies": {
    "sweetalert2": {
      "version": "11.6.9",
      "resolved": "https://registry.npmjs.org/sweetalert2/-/sweetalert2-11.6.9.tgz",
      "integrity": "sha512-zx0vdToB2Ququk+0qbXruca5KJuScyno77cqPfuwSiRwlMS5CwwnZDWiLqcRlIAZzDEbZHz9g/T7BDqAGqsQlA=="
    }
  }
}
